
Microsoft Visual Studio Solution File, Format Version 12.00
# Visual Studio 15
Project("{FAE04EC0-301F-11D3-BF4B-00C04F79EFBC}") = "Unity.XR.Interaction.Toolkit.Samples.StarterAssets.Editor", "Unity.XR.Interaction.Toolkit.Samples.StarterAssets.Editor.csproj", "{6BA0FDFD-55C7-01C3-7457-FC41134E0352}"
EndProject
Project("{FAE04EC0-301F-11D3-BF4B-00C04F79EFBC}") = "Unity.XR.Interaction.Toolkit.Samples.StarterAssets", "Unity.XR.Interaction.Toolkit.Samples.StarterAssets.csproj", "{6848932E-1E7B-56A6-09A4-E917064D5F1A}"
EndProject
Global
	GlobalSection(SolutionConfigurationPlatforms) = preSolution
		Debug|Any CPU = Debug|Any CPU
		Release|Any CPU = Release|Any CPU
	EndGlobalSection
	GlobalSection(ProjectConfigurationPlatforms) = postSolution
		{6BA0FDFD-55C7-01C3-7457-FC41134E0352}.Debug|Any CPU.ActiveCfg = Debug|Any CPU
		{6BA0FDFD-55C7-01C3-7457-FC41134E0352}.Debug|Any CPU.Build.0 = Debug|Any CPU
		{6BA0FDFD-55C7-01C3-7457-FC41134E0352}.Release|Any CPU.ActiveCfg = Release|Any CPU
		{6BA0FDFD-55C7-01C3-7457-FC41134E0352}.Release|Any CPU.Build.0 = Release|Any CPU
		{6848932E-1E7B-56A6-09A4-E917064D5F1A}.Debug|Any CPU.ActiveCfg = Debug|Any CPU
		{6848932E-1E7B-56A6-09A4-E917064D5F1A}.Debug|Any CPU.Build.0 = Debug|Any CPU
		{6848932E-1E7B-56A6-09A4-E917064D5F1A}.Release|Any CPU.ActiveCfg = Release|Any CPU
		{6848932E-1E7B-56A6-09A4-E917064D5F1A}.Release|Any CPU.Build.0 = Release|Any CPU
	EndGlobalSection
	GlobalSection(SolutionProperties) = preSolution
		HideSolutionNode = FALSE
	EndGlobalSection
EndGlobal
